
Microsoft Visual Studio Solution File, Format Version 12.00
# Visual Studio Version 17
VisualStudioVersion = 17.0.31912.275
MinimumVisualStudioVersion = 10.0.40219.1
Project("{9A19103F-16F7-4668-BE54-9A1E7A4F7556}") = "underware.VDA", "underware.VDA\underware.VDA.csproj", "{BCC0504B-77AD-4514-B3CA-42F390198203}"
EndProject
Project("{FAE04EC0-301F-11D3-BF4B-00C04F79EFBC}") = "underware.VDA.Examples", "underware.VDA.Examples\underware.VDA.Examples.csproj", "{6B666A8C-82BB-4E53-BD84-BC5CC6852281}"
EndProject
Global
	GlobalSection(SolutionConfigurationPlatforms) = preSolution
		Debug|Any CPU = Debug|Any CPU
		Release|Any CPU = Release|Any CPU
	EndGlobalSection
	GlobalSection(ProjectConfigurationPlatforms) = postSolution
		{BCC0504B-77AD-4514-B3CA-42F390198203}.Debug|Any CPU.ActiveCfg = Debug|Any CPU
		{BCC0504B-77AD-4514-B3CA-42F390198203}.Debug|Any CPU.Build.0 = Debug|Any CPU
		{BCC0504B-77AD-4514-B3CA-42F390198203}.Release|Any CPU.ActiveCfg = Release|Any CPU
		{BCC0504B-77AD-4514-B3CA-42F390198203}.Release|Any CPU.Build.0 = Release|Any CPU
		{6B666A8C-82BB-4E53-BD84-BC5CC6852281}.Debug|Any CPU.ActiveCfg = Debug|Any CPU
		{6B666A8C-82BB-4E53-BD84-BC5CC6852281}.Debug|Any CPU.Build.0 = Debug|Any CPU
		{6B666A8C-82BB-4E53-BD84-BC5CC6852281}.Release|Any CPU.ActiveCfg = Release|Any CPU
		{6B666A8C-82BB-4E53-BD84-BC5CC6852281}.Release|Any CPU.Build.0 = Release|Any CPU
	EndGlobalSection
	GlobalSection(SolutionProperties) = preSolution
		HideSolutionNode = FALSE
	EndGlobalSection
	GlobalSection(ExtensibilityGlobals) = postSolution
		SolutionGuid = {F07BE2CD-B583-41F4-9DCA-4F879F5B432B}
	EndGlobalSection
EndGlobal
